
Microsoft Visual Studio Solution File, Format Version 12.00
# Visual Studio 14
VisualStudioVersion = 14.0.24720.0
MinimumVisualStudioVersion = 10.0.40219.1
Project("{FAE04EC0-301F-11D3-BF4B-00C04F79EFBC}") = "NormtexteUI", "Normtexte\NormtexteUI.csproj", "{B12E0073-9815-4D6E-AE32-01ECCAD67F30}"
EndProject
Project("{FAE04EC0-301F-11D3-BF4B-00C04F79EFBC}") = "NormtexteAddIn", "NormtexteAddIn\NormtexteAddIn.csproj", "{BCD24867-0624-4C02-9DA5-07A46B1D4D03}"
EndProject
Project("{FAE04EC0-301F-11D3-BF4B-00C04F79EFBC}") = "NormtexteBusiness", "NormtexteBusiness\NormtexteBusiness.csproj", "{4D1CEC58-8177-4BFF-A2DC-922182940470}"
EndProject
Global
	GlobalSection(SolutionConfigurationPlatforms) = preSolution
		Debug|Any CPU = Debug|Any CPU
		Release|Any CPU = Release|Any CPU
	EndGlobalSection
	GlobalSection(ProjectConfigurationPlatforms) = postSolution
		{B12E0073-9815-4D6E-AE32-01ECCAD67F30}.Debug|Any CPU.ActiveCfg = Debug|Any CPU
		{B12E0073-9815-4D6E-AE32-01ECCAD67F30}.Debug|Any CPU.Build.0 = Debug|Any CPU
		{B12E0073-9815-4D6E-AE32-01ECCAD67F30}.Release|Any CPU.ActiveCfg = Release|Any CPU
		{B12E0073-9815-4D6E-AE32-01ECCAD67F30}.Release|Any CPU.Build.0 = Release|Any CPU
		{BCD24867-0624-4C02-9DA5-07A46B1D4D03}.Debug|Any CPU.ActiveCfg = Debug|Any CPU
		{BCD24867-0624-4C02-9DA5-07A46B1D4D03}.Debug|Any CPU.Build.0 = Debug|Any CPU
		{BCD24867-0624-4C02-9DA5-07A46B1D4D03}.Release|Any CPU.ActiveCfg = Release|Any CPU
		{BCD24867-0624-4C02-9DA5-07A46B1D4D03}.Release|Any CPU.Build.0 = Release|Any CPU
		{4D1CEC58-8177-4BFF-A2DC-922182940470}.Debug|Any CPU.ActiveCfg = Debug|Any CPU
		{4D1CEC58-8177-4BFF-A2DC-922182940470}.Debug|Any CPU.Build.0 = Debug|Any CPU
		{4D1CEC58-8177-4BFF-A2DC-922182940470}.Release|Any CPU.ActiveCfg = Release|Any CPU
		{4D1CEC58-8177-4BFF-A2DC-922182940470}.Release|Any CPU.Build.0 = Release|Any CPU
	EndGlobalSection
	GlobalSection(SolutionProperties) = preSolution
		HideSolutionNode = FALSE
	EndGlobalSection
EndGlobal
